
Microsoft Visual Studio Solution File, Format Version 12.00
Project("{FAE04EC0-301F-11D3-BF4B-00C04F79EFBC}") = "DynamicGrid.TestUi", "DynamicGrid.TestUi\DynamicGrid.TestUi.csproj", "{3550C702-322B-429C-84B1-FB5C07A078D5}"
EndProject
Project("{FAE04EC0-301F-11D3-BF4B-00C04F79EFBC}") = "DynamicGrid.Control", "DynamicGrid.Control\DynamicGrid.Control.csproj", "{EC3EA5B4-D762-43D9-9BBB-9B8A956DBA9E}"
EndProject
Project("{FAE04EC0-301F-11D3-BF4B-00C04F79EFBC}") = "DynamicGrid.Tests", "DynamicGrid.Tests\DynamicGrid.Tests.csproj", "{4F4FE470-6BF9-47BF-B78A-B9529F1D714C}"
EndProject
Global
	GlobalSection(SolutionConfigurationPlatforms) = preSolution
		Debug|Any CPU = Debug|Any CPU
		Release|Any CPU = Release|Any CPU
	EndGlobalSection
	GlobalSection(ProjectConfigurationPlatforms) = postSolution
		{3550C702-322B-429C-84B1-FB5C07A078D5}.Debug|Any CPU.ActiveCfg = Debug|Any CPU
		{3550C702-322B-429C-84B1-FB5C07A078D5}.Debug|Any CPU.Build.0 = Debug|Any CPU
		{3550C702-322B-429C-84B1-FB5C07A078D5}.Release|Any CPU.ActiveCfg = Release|Any CPU
		{3550C702-322B-429C-84B1-FB5C07A078D5}.Release|Any CPU.Build.0 = Release|Any CPU
		{EC3EA5B4-D762-43D9-9BBB-9B8A956DBA9E}.Debug|Any CPU.ActiveCfg = Debug|Any CPU
		{EC3EA5B4-D762-43D9-9BBB-9B8A956DBA9E}.Debug|Any CPU.Build.0 = Debug|Any CPU
		{EC3EA5B4-D762-43D9-9BBB-9B8A956DBA9E}.Release|Any CPU.ActiveCfg = Release|Any CPU
		{EC3EA5B4-D762-43D9-9BBB-9B8A956DBA9E}.Release|Any CPU.Build.0 = Release|Any CPU
		{4F4FE470-6BF9-47BF-B78A-B9529F1D714C}.Debug|Any CPU.ActiveCfg = Debug|Any CPU
		{4F4FE470-6BF9-47BF-B78A-B9529F1D714C}.Debug|Any CPU.Build.0 = Debug|Any CPU
		{4F4FE470-6BF9-47BF-B78A-B9529F1D714C}.Release|Any CPU.ActiveCfg = Release|Any CPU
		{4F4FE470-6BF9-47BF-B78A-B9529F1D714C}.Release|Any CPU.Build.0 = Release|Any CPU
	EndGlobalSection
EndGlobal
